
Microsoft Visual Studio Solution File, Format Version 12.00
# Visual Studio 15
Project("{FAE04EC0-301F-11D3-BF4B-00C04F79EFBC}") = "Assembly-CSharp", "Assembly-CSharp.csproj", "{08C0447F-267F-CBF9-FB68-712A9DA4708C}"
EndProject
Project("{FAE04EC0-301F-11D3-BF4B-00C04F79EFBC}") = "NakamaRuntime", "NakamaRuntime.csproj", "{D62F09E0-8123-20FF-CE78-230A59300A52}"
EndProject
Project("{FAE04EC0-301F-11D3-BF4B-00C04F79EFBC}") = "PimDeWitte.UnityMainThreadDispatcher", "PimDeWitte.UnityMainThreadDispatcher.csproj", "{9F3D3439-F19C-73E8-5286-0D6C618BCD91}"
EndProject
Project("{FAE04EC0-301F-11D3-BF4B-00C04F79EFBC}") = "NakamaEditor", "NakamaEditor.csproj", "{C82B556C-0A4C-34A0-C04A-134FBCA0F941}"
EndProject
Project("{FAE04EC0-301F-11D3-BF4B-00C04F79EFBC}") = "MainThreadDispatcher.Unity", "MainThreadDispatcher.Unity.csproj", "{F3F8F6B8-AC8B-65F1-26BB-E1FB46CD3BDD}"
EndProject
Project("{FAE04EC0-301F-11D3-BF4B-00C04F79EFBC}") = "Assembly-CSharp-Editor", "Assembly-CSharp-Editor.csproj", "{E89CA8FE-40C2-E7C2-FF1C-781F42387733}"
EndProject
Global
	GlobalSection(SolutionConfigurationPlatforms) = preSolution
		Debug|Any CPU = Debug|Any CPU
		Release|Any CPU = Release|Any CPU
	EndGlobalSection
	GlobalSection(ProjectConfigurationPlatforms) = postSolution
		{08C0447F-267F-CBF9-FB68-712A9DA4708C}.Debug|Any CPU.ActiveCfg = Debug|Any CPU
		{08C0447F-267F-CBF9-FB68-712A9DA4708C}.Debug|Any CPU.Build.0 = Debug|Any CPU
		{08C0447F-267F-CBF9-FB68-712A9DA4708C}.Release|Any CPU.ActiveCfg = Release|Any CPU
		{08C0447F-267F-CBF9-FB68-712A9DA4708C}.Release|Any CPU.Build.0 = Release|Any CPU
		{D62F09E0-8123-20FF-CE78-230A59300A52}.Debug|Any CPU.ActiveCfg = Debug|Any CPU
		{D62F09E0-8123-20FF-CE78-230A59300A52}.Debug|Any CPU.Build.0 = Debug|Any CPU
		{D62F09E0-8123-20FF-CE78-230A59300A52}.Release|Any CPU.ActiveCfg = Release|Any CPU
		{D62F09E0-8123-20FF-CE78-230A59300A52}.Release|Any CPU.Build.0 = Release|Any CPU
		{9F3D3439-F19C-73E8-5286-0D6C618BCD91}.Debug|Any CPU.ActiveCfg = Debug|Any CPU
		{9F3D3439-F19C-73E8-5286-0D6C618BCD91}.Debug|Any CPU.Build.0 = Debug|Any CPU
		{9F3D3439-F19C-73E8-5286-0D6C618BCD91}.Release|Any CPU.ActiveCfg = Release|Any CPU
		{9F3D3439-F19C-73E8-5286-0D6C618BCD91}.Release|Any CPU.Build.0 = Release|Any CPU
		{C82B556C-0A4C-34A0-C04A-134FBCA0F941}.Debug|Any CPU.ActiveCfg = Debug|Any CPU
		{C82B556C-0A4C-34A0-C04A-134FBCA0F941}.Debug|Any CPU.Build.0 = Debug|Any CPU
		{C82B556C-0A4C-34A0-C04A-134FBCA0F941}.Release|Any CPU.ActiveCfg = Release|Any CPU
		{C82B556C-0A4C-34A0-C04A-134FBCA0F941}.Release|Any CPU.Build.0 = Release|Any CPU
		{F3F8F6B8-AC8B-65F1-26BB-E1FB46CD3BDD}.Debug|Any CPU.ActiveCfg = Debug|Any CPU
		{F3F8F6B8-AC8B-65F1-26BB-E1FB46CD3BDD}.Debug|Any CPU.Build.0 = Debug|Any CPU
		{F3F8F6B8-AC8B-65F1-26BB-E1FB46CD3BDD}.Release|Any CPU.ActiveCfg = Release|Any CPU
		{F3F8F6B8-AC8B-65F1-26BB-E1FB46CD3BDD}.Release|Any CPU.Build.0 = Release|Any CPU
		{E89CA8FE-40C2-E7C2-FF1C-781F42387733}.Debug|Any CPU.ActiveCfg = Debug|Any CPU
		{E89CA8FE-40C2-E7C2-FF1C-781F42387733}.Debug|Any CPU.Build.0 = Debug|Any CPU
		{E89CA8FE-40C2-E7C2-FF1C-781F42387733}.Release|Any CPU.ActiveCfg = Release|Any CPU
		{E89CA8FE-40C2-E7C2-FF1C-781F42387733}.Release|Any CPU.Build.0 = Release|Any CPU
	EndGlobalSection
	GlobalSection(SolutionProperties) = preSolution
		HideSolutionNode = FALSE
	EndGlobalSection
EndGlobal
